// !$*UTF8*$!
{
	archiveVersion = 1;
	classes = {
	};
	objectVersion = 51;
	objects = {

/* Begin PBXBuildFile section */
		5DD9A35B26712D9600B0619F /* AppDelegate.swift in Sources */ = {isa = PBXBuildFile; fileRef = 5DD9A35A26712D9600B0619F /* AppDelegate.swift */; };
		5DD9A35D26712D9600B0619F /* SceneDelegate.swift in Sources */ = {isa = PBXBuildFile; fileRef = 5DD9A35C26712D9600B0619F /* SceneDelegate.swift */; };
		5DD9A35F26712D9600B0619F /* HomeViewController.swift in Sources */ = {isa = PBXBuildFile; fileRef = 5DD9A35E26712D9600B0619F /* HomeViewController.swift */; };
		5DD9A36226712D9600B0619F /* Main.storyboard in Resources */ = {isa = PBXBuildFile; fileRef = 5DD9A36026712D9600B0619F /* Main.storyboard */; };
		5DD9A36426712D9E00B0619F /* Assets.xcassets in Resources */ = {isa = PBXBuildFile; fileRef = 5DD9A36326712D9E00B0619F /* Assets.xcassets */; };
		5DD9A36726712D9E00B0619F /* LaunchScreen.storyboard in Resources */ = {isa = PBXBuildFile; fileRef = 5DD9A36526712D9E00B0619F /* LaunchScreen.storyboard */; };
		5DD9A37226712D9F00B0619F /* InstagramLikeAppTests.swift in Sources */ = {isa = PBXBuildFile; fileRef = 5DD9A37126712D9F00B0619F /* InstagramLikeAppTests.swift */; };
		5DD9A37D26712D9F00B0619F /* InstagramLikeAppUITests.swift in Sources */ = {isa = PBXBuildFile; fileRef = 5DD9A37C26712D9F00B0619F /* InstagramLikeAppUITests.swift */; };
		5DD9A39026712F8700B0619F /* ExploreViewController.swift in Sources */ = {isa = PBXBuildFile; fileRef = 5DD9A38F26712F8700B0619F /* ExploreViewController.swift */; };
		5DD9A39226712FA400B0619F /* CameraViewController.swift in Sources */ = {isa = PBXBuildFile; fileRef = 5DD9A39126712FA400B0619F /* CameraViewController.swift */; };
		5DD9A39426712FC600B0619F /* NotificationsViewController.swift in Sources */ = {isa = PBXBuildFile; fileRef = 5DD9A39326712FC600B0619F /* NotificationsViewController.swift */; };
		5DD9A39626712FE100B0619F /* ProfileViewController.swift in Sources */ = {isa = PBXBuildFile; fileRef = 5DD9A39526712FE100B0619F /* ProfileViewController.swift */; };
		5DD9A39B2671308B00B0619F /* LoginViewController.swift in Sources */ = {isa = PBXBuildFile; fileRef = 5DD9A39A2671308B00B0619F /* LoginViewController.swift */; };
		5DD9A39D2671309D00B0619F /* RegisterationViewController.swift in Sources */ = {isa = PBXBuildFile; fileRef = 5DD9A39C2671309D00B0619F /* RegisterationViewController.swift */; };
		5DD9A39F267130CA00B0619F /* PostViewController.swift in Sources */ = {isa = PBXBuildFile; fileRef = 5DD9A39E267130CA00B0619F /* PostViewController.swift */; };
		5DD9A3A1267130E800B0619F /* EditProfileViewController.swift in Sources */ = {isa = PBXBuildFile; fileRef = 5DD9A3A0267130E800B0619F /* EditProfileViewController.swift */; };
		5DD9A3A3267130FB00B0619F /* SettingViewController.swift in Sources */ = {isa = PBXBuildFile; fileRef = 5DD9A3A2267130FA00B0619F /* SettingViewController.swift */; };
		5DD9A3A52671311000B0619F /* ListViewController.swift in Sources */ = {isa = PBXBuildFile; fileRef = 5DD9A3A42671311000B0619F /* ListViewController.swift */; };
		5DD9A3A72671312C00B0619F /* SearchViewController.swift in Sources */ = {isa = PBXBuildFile; fileRef = 5DD9A3A62671312C00B0619F /* SearchViewController.swift */; };
		5DD9A3A92671314400B0619F /* SearchResultViewController.swift in Sources */ = {isa = PBXBuildFile; fileRef = 5DD9A3A82671314400B0619F /* SearchResultViewController.swift */; };
		5DD9A3AB2671317F00B0619F /* PostEditorViewController.swift in Sources */ = {isa = PBXBuildFile; fileRef = 5DD9A3AA2671317F00B0619F /* PostEditorViewController.swift */; };
		5DD9A3AD267131A700B0619F /* PublishPostViewController.swift in Sources */ = {isa = PBXBuildFile; fileRef = 5DD9A3AC267131A700B0619F /* PublishPostViewController.swift */; };
		5DD9A3AF2671F2BE00B0619F /* GoogleService-Info.plist in Resources */ = {isa = PBXBuildFile; fileRef = 5DD9A3AE2671F2BE00B0619F /* GoogleService-Info.plist */; };
		5DD9A3B22671F5C600B0619F /* DatabaseManager.swift in Sources */ = {isa = PBXBuildFile; fileRef = 5DD9A3B12671F5C600B0619F /* DatabaseManager.swift */; };
		5DD9A3B42671F69800B0619F /* AuthManager.swift in Sources */ = {isa = PBXBuildFile; fileRef = 5DD9A3B32671F69800B0619F /* AuthManager.swift */; };
		5DD9A3B62671F6D900B0619F /* StorageManager.swift in Sources */ = {isa = PBXBuildFile; fileRef = 5DD9A3B52671F6D900B0619F /* StorageManager.swift */; };
		5DD9A3B82671FC9B00B0619F /* Extentions.swift in Sources */ = {isa = PBXBuildFile; fileRef = 5DD9A3B72671FC9B00B0619F /* Extentions.swift */; };
		5DFDEEB826A4698500DB91F7 /* IGFeedPostTableViewCell.swift in Sources */ = {isa = PBXBuildFile; fileRef = 5DFDEEB726A4698500DB91F7 /* IGFeedPostTableViewCell.swift */; };
		5DFDEEBB26A5B31E00DB91F7 /* IGFeedPostHeaderTableViewCell.swift in Sources */ = {isa = PBXBuildFile; fileRef = 5DFDEEBA26A5B31E00DB91F7 /* IGFeedPostHeaderTableViewCell.swift */; };
		5DFDEEBD26A5B3FE00DB91F7 /* IGFeedPostActionsTableViewCell.swift in Sources */ = {isa = PBXBuildFile; fileRef = 5DFDEEBC26A5B3FE00DB91F7 /* IGFeedPostActionsTableViewCell.swift */; };
		5DFDEEBF26A5B42300DB91F7 /* IGFeedPostGeneralTableViewCell.swift in Sources */ = {isa = PBXBuildFile; fileRef = 5DFDEEBE26A5B42300DB91F7 /* IGFeedPostGeneralTableViewCell.swift */; };
		775E9559146808D92218851A /* Pods_InstagramLikeAppTests.framework in Frameworks */ = {isa = PBXBuildFile; fileRef = 49D8F1C896C941FA2407FD7B /* Pods_InstagramLikeAppTests.framework */; };
		7AC02FBF5E24AB9CA3EA132A /* Pods_InstagramLikeApp.framework in Frameworks */ = {isa = PBXBuildFile; fileRef = 4414FBFD687F401419578D7F /* Pods_InstagramLikeApp.framework */; };
		CA89DD9212CE8F78425586AE /* Pods_InstagramLikeApp_InstagramLikeAppUITests.framework in Frameworks */ = {isa = PBXBuildFile; fileRef = 793611A5FEB07515D875E124 /* Pods_InstagramLikeApp_InstagramLikeAppUITests.framework */; };
/* End PBXBuildFile section */

/* Begin PBXContainerItemProxy section */
		5DD9A36E26712D9F00B0619F /* PBXContainerItemProxy */ = {
			isa = PBXContainerItemProxy;
			containerPortal = 5DD9A34F26712D9500B0619F /* Project object */;
			proxyType = 1;
			remoteGlobalIDString = 5DD9A35626712D9600B0619F;
			remoteInfo = InstagramLikeApp;
		};
		5DD9A37926712D9F00B0619F /* PBXContainerItemProxy */ = {
			isa = PBXContainerItemProxy;
			containerPortal = 5DD9A34F26712D9500B0619F /* Project object */;
			proxyType = 1;
			remoteGlobalIDString = 5DD9A35626712D9600B0619F;
			remoteInfo = InstagramLikeApp;
		};
/* End PBXContainerItemProxy section */

/* Begin PBXFileReference section */
		204D556F00EF48908CA13339 /* Pods-InstagramLikeApp.debug.xcconfig */ = {isa = PBXFileReference; includeInIndex = 1; lastKnownFileType = text.xcconfig; name = "Pods-InstagramLikeApp.debug.xcconfig"; path = "Target Support Files/Pods-InstagramLikeApp/Pods-InstagramLikeApp.debug.xcconfig"; sourceTree = "<group>"; };
		23B421E6C33F25893A80421C /* Pods-InstagramLikeAppTests.release.xcconfig */ = {isa = PBXFileReference; includeInIndex = 1; lastKnownFileType = text.xcconfig; name = "Pods-InstagramLikeAppTests.release.xcconfig"; path = "Target Support Files/Pods-InstagramLikeAppTests/Pods-InstagramLikeAppTests.release.xcconfig"; sourceTree = "<group>"; };
		2B5DD8198D069464664C18FA /* Pods-InstagramLikeAppTests.debug.xcconfig */ = {isa = PBXFileReference; includeInIndex = 1; lastKnownFileType = text.xcconfig; name = "Pods-InstagramLikeAppTests.debug.xcconfig"; path = "Target Support Files/Pods-InstagramLikeAppTests/Pods-InstagramLikeAppTests.debug.xcconfig"; sourceTree = "<group>"; };
		4414FBFD687F401419578D7F /* Pods_InstagramLikeApp.framework */ = {isa = PBXFileReference; explicitFileType = wrapper.framework; includeInIndex = 0; path = Pods_InstagramLikeApp.framework; sourceTree = BUILT_PRODUCTS_DIR; };
		45FFF470A4E6A01B5EE8AD82 /* Pods-InstagramLikeApp.release.xcconfig */ = {isa = PBXFileReference; includeInIndex = 1; lastKnownFileType = text.xcconfig; name = "Pods-InstagramLikeApp.release.xcconfig"; path = "Target Support Files/Pods-InstagramLikeApp/Pods-InstagramLikeApp.release.xcconfig"; sourceTree = "<group>"; };
		49D8F1C896C941FA2407FD7B /* Pods_InstagramLikeAppTests.framework */ = {isa = PBXFileReference; explicitFileType = wrapper.framework; includeInIndex = 0; path = Pods_InstagramLikeAppTests.framework; sourceTree = BUILT_PRODUCTS_DIR; };
		5DD9A35726712D9600B0619F /* InstagramLikeApp.app */ = {isa = PBXFileReference; explicitFileType = wrapper.application; includeInIndex = 0; path = InstagramLikeApp.app; sourceTree = BUILT_PRODUCTS_DIR; };
		5DD9A35A26712D9600B0619F /* AppDelegate.swift */ = {isa = PBXFileReference; lastKnownFileType = sourcecode.swift; path = AppDelegate.swift; sourceTree = "<group>"; };
		5DD9A35C26712D9600B0619F /* SceneDelegate.swift */ = {isa = PBXFileReference; lastKnownFileType = sourcecode.swift; path = SceneDelegate.swift; sourceTree = "<group>"; };
		5DD9A35E26712D9600B0619F /* HomeViewController.swift */ = {isa = PBXFileReference; lastKnownFileType = sourcecode.swift; path = HomeViewController.swift; sourceTree = "<group>"; };
		5DD9A36126712D9600B0619F /* Base */ = {isa = PBXFileReference; lastKnownFileType = file.storyboard; name = Base; path = Base.lproj/Main.storyboard; sourceTree = "<group>"; };
		5DD9A36326712D9E00B0619F /* Assets.xcassets */ = {isa = PBXFileReference; lastKnownFileType = folder.assetcatalog; path = Assets.xcassets; sourceTree = "<group>"; };
		5DD9A36626712D9E00B0619F /* Base */ = {isa = PBXFileReference; lastKnownFileType = file.storyboard; name = Base; path = Base.lproj/LaunchScreen.storyboard; sourceTree = "<group>"; };
		5DD9A36826712D9E00B0619F /* Info.plist */ = {isa = PBXFileReference; lastKnownFileType = text.plist.xml; path = Info.plist; sourceTree = "<group>"; };
		5DD9A36D26712D9F00B0619F /* InstagramLikeAppTests.xctest */ = {isa = PBXFileReference; explicitFileType = wrapper.cfbundle; includeInIndex = 0; path = InstagramLikeAppTests.xctest; sourceTree = BUILT_PRODUCTS_DIR; };
		5DD9A37126712D9F00B0619F /* InstagramLikeAppTests.swift */ = {isa = PBXFileReference; lastKnownFileType = sourcecode.swift; path = InstagramLikeAppTests.swift; sourceTree = "<group>"; };
		5DD9A37326712D9F00B0619F /* Info.plist */ = {isa = PBXFileReference; lastKnownFileType = text.plist.xml; path = Info.plist; sourceTree = "<group>"; };
		5DD9A37826712D9F00B0619F /* InstagramLikeAppUITests.xctest */ = {isa = PBXFileReference; explicitFileType = wrapper.cfbundle; includeInIndex = 0; path = InstagramLikeAppUITests.xctest; sourceTree = BUILT_PRODUCTS_DIR; };
		5DD9A37C26712D9F00B0619F /* InstagramLikeAppUITests.swift */ = {isa = PBXFileReference; lastKnownFileType = sourcecode.swift; path = InstagramLikeAppUITests.swift; sourceTree = "<group>"; };
		5DD9A37E26712D9F00B0619F /* Info.plist */ = {isa = PBXFileReference; lastKnownFileType = text.plist.xml; path = Info.plist; sourceTree = "<group>"; };
		5DD9A38F26712F8700B0619F /* ExploreViewController.swift */ = {isa = PBXFileReference; lastKnownFileType = sourcecode.swift; path = ExploreViewController.swift; sourceTree = "<group>"; };
		5DD9A39126712FA400B0619F /* CameraViewController.swift */ = {isa = PBXFileReference; lastKnownFileType = sourcecode.swift; path = CameraViewController.swift; sourceTree = "<group>"; };
		5DD9A39326712FC600B0619F /* NotificationsViewController.swift */ = {isa = PBXFileReference; lastKnownFileType = sourcecode.swift; path = NotificationsViewController.swift; sourceTree = "<group>"; };
		5DD9A39526712FE100B0619F /* ProfileViewController.swift */ = {isa = PBXFileReference; lastKnownFileType = sourcecode.swift; path = ProfileViewController.swift; sourceTree = "<group>"; };
		5DD9A39A2671308B00B0619F /* LoginViewController.swift */ = {isa = PBXFileReference; lastKnownFileType = sourcecode.swift; path = LoginViewController.swift; sourceTree = "<group>"; };
		5DD9A39C2671309D00B0619F /* RegisterationViewController.swift */ = {isa = PBXFileReference; lastKnownFileType = sourcecode.swift; path = RegisterationViewController.swift; sourceTree = "<group>"; };
		5DD9A39E267130CA00B0619F /* PostViewController.swift */ = {isa = PBXFileReference; lastKnownFileType = sourcecode.swift; path = PostViewController.swift; sourceTree = "<group>"; };
		5DD9A3A0267130E800B0619F /* EditProfileViewController.swift */ = {isa = PBXFileReference; lastKnownFileType = sourcecode.swift; path = EditProfileViewController.swift; sourceTree = "<group>"; };
		5DD9A3A2267130FA00B0619F /* SettingViewController.swift */ = {isa = PBXFileReference; lastKnownFileType = sourcecode.swift; path = SettingViewController.swift; sourceTree = "<group>"; };
		5DD9A3A42671311000B0619F /* ListViewController.swift */ = {isa = PBXFileReference; lastKnownFileType = sourcecode.swift; path = ListViewController.swift; sourceTree = "<group>"; };
		5DD9A3A62671312C00B0619F /* SearchViewController.swift */ = {isa = PBXFileReference; lastKnownFileType = sourcecode.swift; path = SearchViewController.swift; sourceTree = "<group>"; };
		5DD9A3A82671314400B0619F /* SearchResultViewController.swift */ = {isa = PBXFileReference; lastKnownFileType = sourcecode.swift; path = SearchResultViewController.swift; sourceTree = "<group>"; };
		5DD9A3AA2671317F00B0619F /* PostEditorViewController.swift */ = {isa = PBXFileReference; lastKnownFileType = sourcecode.swift; path = PostEditorViewController.swift; sourceTree = "<group>"; };
		5DD9A3AC267131A700B0619F /* PublishPostViewController.swift */ = {isa = PBXFileReference; lastKnownFileType = sourcecode.swift; path = PublishPostViewController.swift; sourceTree = "<group>"; };
		5DD9A3AE2671F2BE00B0619F /* GoogleService-Info.plist */ = {isa = PBXFileReference; fileEncoding = 4; lastKnownFileType = text.plist.xml; path = "GoogleService-Info.plist"; sourceTree = "<group>"; };
		5DD9A3B12671F5C600B0619F /* DatabaseManager.swift */ = {isa = PBXFileReference; lastKnownFileType = sourcecode.swift; path = DatabaseManager.swift; sourceTree = "<group>"; };
		5DD9A3B32671F69800B0619F /* AuthManager.swift */ = {isa = PBXFileReference; lastKnownFileType = sourcecode.swift; path = AuthManager.swift; sourceTree = "<group>"; };
		5DD9A3B52671F6D900B0619F /* StorageManager.swift */ = {isa = PBXFileReference; lastKnownFileType = sourcecode.swift; path = StorageManager.swift; sourceTree = "<group>"; };
		5DD9A3B72671FC9B00B0619F /* Extentions.swift */ = {isa = PBXFileReference; lastKnownFileType = sourcecode.swift; path = Extentions.swift; sourceTree = "<group>"; };
		5DFDEEB726A4698500DB91F7 /* IGFeedPostTableViewCell.swift */ = {isa = PBXFileReference; lastKnownFileType = sourcecode.swift; path = IGFeedPostTableViewCell.swift; sourceTree = "<group>"; };
		5DFDEEBA26A5B31E00DB91F7 /* IGFeedPostHeaderTableViewCell.swift */ = {isa = PBXFileReference; lastKnownFileType = sourcecode.swift; path = IGFeedPostHeaderTableViewCell.swift; sourceTree = "<group>"; };
		5DFDEEBC26A5B3FE00DB91F7 /* IGFeedPostActionsTableViewCell.swift */ = {isa = PBXFileReference; lastKnownFileType = sourcecode.swift; path = IGFeedPostActionsTableViewCell.swift; sourceTree = "<group>"; };
		5DFDEEBE26A5B42300DB91F7 /* IGFeedPostGeneralTableViewCell.swift */ = {isa = PBXFileReference; lastKnownFileType = sourcecode.swift; path = IGFeedPostGeneralTableViewCell.swift; sourceTree = "<group>"; };
		793611A5FEB07515D875E124 /* Pods_InstagramLikeApp_InstagramLikeAppUITests.framework */ = {isa = PBXFileReference; explicitFileType = wrapper.framework; includeInIndex = 0; path = Pods_InstagramLikeApp_InstagramLikeAppUITests.framework; sourceTree = BUILT_PRODUCTS_DIR; };
		97281F03AA12FC67476A2C6F /* Pods-InstagramLikeApp-InstagramLikeAppUITests.release.xcconfig */ = {isa = PBXFileReference; includeInIndex = 1; lastKnownFileType = text.xcconfig; name = "Pods-InstagramLikeApp-InstagramLikeAppUITests.release.xcconfig"; path = "Target Support Files/Pods-InstagramLikeApp-InstagramLikeAppUITests/Pods-InstagramLikeApp-InstagramLikeAppUITests.release.xcconfig"; sourceTree = "<group>"; };
		C0A0ACE9DA33FB4E7DE89276 /* Pods-InstagramLikeApp-InstagramLikeAppUITests.debug.xcconfig */ = {isa = PBXFileReference; includeInIndex = 1; lastKnownFileType = text.xcconfig; name = "Pods-InstagramLikeApp-InstagramLikeAppUITests.debug.xcconfig"; path = "Target Support Files/Pods-InstagramLikeApp-InstagramLikeAppUITests/Pods-InstagramLikeApp-InstagramLikeAppUITests.debug.xcconfig"; sourceTree = "<group>"; };
/* End PBXFileReference section */

/* Begin PBXFrameworksBuildPhase section */
		5DD9A35426712D9600B0619F /* Frameworks */ = {
			isa = PBXFrameworksBuildPhase;
			buildActionMask = 2147483647;
			files = (
				7AC02FBF5E24AB9CA3EA132A /* Pods_InstagramLikeApp.framework in Frameworks */,
			);
			runOnlyForDeploymentPostprocessing = 0;
		};
		5DD9A36A26712D9F00B0619F /* Frameworks */ = {
			isa = PBXFrameworksBuildPhase;
			buildActionMask = 2147483647;
			files = (
				775E9559146808D92218851A /* Pods_InstagramLikeAppTests.framework in Frameworks */,
			);
			runOnlyForDeploymentPostprocessing = 0;
		};
		5DD9A37526712D9F00B0619F /* Frameworks */ = {
			isa = PBXFrameworksBuildPhase;
			buildActionMask = 2147483647;
			files = (
				CA89DD9212CE8F78425586AE /* Pods_InstagramLikeApp_InstagramLikeAppUITests.framework in Frameworks */,
			);
			runOnlyForDeploymentPostprocessing = 0;
		};
/* End PBXFrameworksBuildPhase section */

/* Begin PBXGroup section */
		016CD56EBD72D25AC1620D56 /* Pods */ = {
			isa = PBXGroup;
			children = (
				204D556F00EF48908CA13339 /* Pods-InstagramLikeApp.debug.xcconfig */,
				45FFF470A4E6A01B5EE8AD82 /* Pods-InstagramLikeApp.release.xcconfig */,
				C0A0ACE9DA33FB4E7DE89276 /* Pods-InstagramLikeApp-InstagramLikeAppUITests.debug.xcconfig */,
				97281F03AA12FC67476A2C6F /* Pods-InstagramLikeApp-InstagramLikeAppUITests.release.xcconfig */,
				2B5DD8198D069464664C18FA /* Pods-InstagramLikeAppTests.debug.xcconfig */,
				23B421E6C33F25893A80421C /* Pods-InstagramLikeAppTests.release.xcconfig */,
			);
			path = Pods;
			sourceTree = "<group>";
		};
		5DD9A34E26712D9500B0619F = {
			isa = PBXGroup;
			children = (
				5DD9A35926712D9600B0619F /* InstagramLikeApp */,
				5DD9A37026712D9F00B0619F /* InstagramLikeAppTests */,
				5DD9A37B26712D9F00B0619F /* InstagramLikeAppUITests */,
				5DD9A35826712D9600B0619F /* Products */,
				016CD56EBD72D25AC1620D56 /* Pods */,
				D88DA17B7BC1911E9D329104 /* Frameworks */,
			);
			sourceTree = "<group>";
		};
		5DD9A35826712D9600B0619F /* Products */ = {
			isa = PBXGroup;
			children = (
				5DD9A35726712D9600B0619F /* InstagramLikeApp.app */,
				5DD9A36D26712D9F00B0619F /* InstagramLikeAppTests.xctest */,
				5DD9A37826712D9F00B0619F /* InstagramLikeAppUITests.xctest */,
			);
			name = Products;
			sourceTree = "<group>";
		};
		5DD9A35926712D9600B0619F /* InstagramLikeApp */ = {
			isa = PBXGroup;
			children = (
				5DD9A38D26712EB300B0619F /* Resources */,
				5DD9A38C26712E9D00B0619F /* Models */,
				5DD9A38B26712E9800B0619F /* Views */,
				5DD9A38A26712E8C00B0619F /* Controllers */,
				5DD9A36826712D9E00B0619F /* Info.plist */,
			);
			path = InstagramLikeApp;
			sourceTree = "<group>";
		};
		5DD9A37026712D9F00B0619F /* InstagramLikeAppTests */ = {
			isa = PBXGroup;
			children = (
				5DD9A37126712D9F00B0619F /* InstagramLikeAppTests.swift */,
				5DD9A37326712D9F00B0619F /* Info.plist */,
			);
			path = InstagramLikeAppTests;
			sourceTree = "<group>";
		};
		5DD9A37B26712D9F00B0619F /* InstagramLikeAppUITests */ = {
			isa = PBXGroup;
			children = (
				5DD9A37C26712D9F00B0619F /* InstagramLikeAppUITests.swift */,
				5DD9A37E26712D9F00B0619F /* Info.plist */,
			);
			path = InstagramLikeAppUITests;
			sourceTree = "<group>";
		};
		5DD9A38A26712E8C00B0619F /* Controllers */ = {
			isa = PBXGroup;
			children = (
				5DD9A3982671305000B0619F /* Other */,
				5DD9A3972671300700B0619F /* Core Tabs */,
			);
			path = Controllers;
			sourceTree = "<group>";
		};
		5DD9A38B26712E9800B0619F /* Views */ = {
			isa = PBXGroup;
			children = (
				5DFDEEB626A4694D00DB91F7 /* Cells */,
				5DD9A36326712D9E00B0619F /* Assets.xcassets */,
				5DD9A38E26712EED00B0619F /* Storyboards */,
			);
			path = Views;
			sourceTree = "<group>";
		};
		5DD9A38C26712E9D00B0619F /* Models */ = {
			isa = PBXGroup;
			children = (
			);
			path = Models;
			sourceTree = "<group>";
		};
		5DD9A38D26712EB300B0619F /* Resources */ = {
			isa = PBXGroup;
			children = (
				5DD9A3AE2671F2BE00B0619F /* GoogleService-Info.plist */,
				5DD9A35A26712D9600B0619F /* AppDelegate.swift */,
				5DD9A35C26712D9600B0619F /* SceneDelegate.swift */,
				5DD9A3B12671F5C600B0619F /* DatabaseManager.swift */,
				5DD9A3B32671F69800B0619F /* AuthManager.swift */,
				5DD9A3B52671F6D900B0619F /* StorageManager.swift */,
				5DD9A3B72671FC9B00B0619F /* Extentions.swift */,
			);
			path = Resources;
			sourceTree = "<group>";
		};
		5DD9A38E26712EED00B0619F /* Storyboards */ = {
			isa = PBXGroup;
			children = (
				5DD9A36026712D9600B0619F /* Main.storyboard */,
				5DD9A36526712D9E00B0619F /* LaunchScreen.storyboard */,
			);
			path = Storyboards;
			sourceTree = "<group>";
		};
		5DD9A3972671300700B0619F /* Core Tabs */ = {
			isa = PBXGroup;
			children = (
				5DD9A35E26712D9600B0619F /* HomeViewController.swift */,
				5DD9A38F26712F8700B0619F /* ExploreViewController.swift */,
				5DD9A39126712FA400B0619F /* CameraViewController.swift */,
				5DD9A39326712FC600B0619F /* NotificationsViewController.swift */,
				5DD9A39526712FE100B0619F /* ProfileViewController.swift */,
			);
			path = "Core Tabs";
			sourceTree = "<group>";
		};
		5DD9A3982671305000B0619F /* Other */ = {
			isa = PBXGroup;
			children = (
				5DD9A3992671305C00B0619F /* Onboarding */,
				5DD9A3B02671F54B00B0619F /* General */,
			);
			path = Other;
			sourceTree = "<group>";
		};
		5DD9A3992671305C00B0619F /* Onboarding */ = {
			isa = PBXGroup;
			children = (
				5DD9A39A2671308B00B0619F /* LoginViewController.swift */,
				5DD9A39C2671309D00B0619F /* RegisterationViewController.swift */,
			);
			path = Onboarding;
			sourceTree = "<group>";
		};
		5DD9A3B02671F54B00B0619F /* General */ = {
			isa = PBXGroup;
			children = (
				5DD9A39E267130CA00B0619F /* PostViewController.swift */,
				5DD9A3A0267130E800B0619F /* EditProfileViewController.swift */,
				5DD9A3A2267130FA00B0619F /* SettingViewController.swift */,
				5DD9A3A42671311000B0619F /* ListViewController.swift */,
				5DD9A3A62671312C00B0619F /* SearchViewController.swift */,
				5DD9A3A82671314400B0619F /* SearchResultViewController.swift */,
				5DD9A3AA2671317F00B0619F /* PostEditorViewController.swift */,
				5DD9A3AC267131A700B0619F /* PublishPostViewController.swift */,
			);
			path = General;
			sourceTree = "<group>";
		};
		5DFDEEB626A4694D00DB91F7 /* Cells */ = {
			isa = PBXGroup;
			children = (
				5DFDEEB926A5B2E400DB91F7 /* Home Feed */,
			);
			path = Cells;
			sourceTree = "<group>";
		};
		5DFDEEB926A5B2E400DB91F7 /* Home Feed */ = {
			isa = PBXGroup;
			children = (
				5DFDEEB726A4698500DB91F7 /* IGFeedPostTableViewCell.swift */,
				5DFDEEBA26A5B31E00DB91F7 /* IGFeedPostHeaderTableViewCell.swift */,
				5DFDEEBC26A5B3FE00DB91F7 /* IGFeedPostActionsTableViewCell.swift */,
				5DFDEEBE26A5B42300DB91F7 /* IGFeedPostGeneralTableViewCell.swift */,
			);
			path = "Home Feed";
			sourceTree = "<group>";
		};
		D88DA17B7BC1911E9D329104 /* Frameworks */ = {
			isa = PBXGroup;
			children = (
				4414FBFD687F401419578D7F /* Pods_InstagramLikeApp.framework */,
				793611A5FEB07515D875E124 /* Pods_InstagramLikeApp_InstagramLikeAppUITests.framework */,
				49D8F1C896C941FA2407FD7B /* Pods_InstagramLikeAppTests.framework */,
			);
			name = Frameworks;
			sourceTree = "<group>";
		};
/* End PBXGroup section */

/* Begin PBXNativeTarget section */
		5DD9A35626712D9600B0619F /* InstagramLikeApp */ = {
			isa = PBXNativeTarget;
			buildConfigurationList = 5DD9A38126712D9F00B0619F /* Build configuration list for PBXNativeTarget "InstagramLikeApp" */;
			buildPhases = (
				49C4D55B579FF00C88DF86F0 /* [CP] Check Pods Manifest.lock */,
				5DD9A35326712D9600B0619F /* Sources */,
				5DD9A35426712D9600B0619F /* Frameworks */,
				5DD9A35526712D9600B0619F /* Resources */,
				01D4A3B76E9DB73FF6BAB92C /* [CP] Embed Pods Frameworks */,
			);
			buildRules = (
			);
			dependencies = (
			);
			name = InstagramLikeApp;
			productName = InstagramLikeApp;
			productReference = 5DD9A35726712D9600B0619F /* InstagramLikeApp.app */;
			productType = "com.apple.product-type.application";
		};
		5DD9A36C26712D9F00B0619F /* InstagramLikeAppTests */ = {
			isa = PBXNativeTarget;
			buildConfigurationList = 5DD9A38426712D9F00B0619F /* Build configuration list for PBXNativeTarget "InstagramLikeAppTests" */;
			buildPhases = (
				385B1212DBFC01BD1115C8B0 /* [CP] Check Pods Manifest.lock */,
				5DD9A36926712D9F00B0619F /* Sources */,
				5DD9A36A26712D9F00B0619F /* Frameworks */,
				5DD9A36B26712D9F00B0619F /* Resources */,
			);
			buildRules = (
			);
			dependencies = (
				5DD9A36F26712D9F00B0619F /* PBXTargetDependency */,
			);
			name = InstagramLikeAppTests;
			productName = InstagramLikeAppTests;
			productReference = 5DD9A36D26712D9F00B0619F /* InstagramLikeAppTests.xctest */;
			productType = "com.apple.product-type.bundle.unit-test";
		};
		5DD9A37726712D9F00B0619F /* InstagramLikeAppUITests */ = {
			isa = PBXNativeTarget;
			buildConfigurationList = 5DD9A38726712D9F00B0619F /* Build configuration list for PBXNativeTarget "InstagramLikeAppUITests" */;
			buildPhases = (
				E838DD7665541311D55AFB33 /* [CP] Check Pods Manifest.lock */,
				5DD9A37426712D9F00B0619F /* Sources */,
				5DD9A37526712D9F00B0619F /* Frameworks */,
				5DD9A37626712D9F00B0619F /* Resources */,
				F51FDDED6C037A094E132429 /* [CP] Embed Pods Frameworks */,
			);
			buildRules = (
			);
			dependencies = (
				5DD9A37A26712D9F00B0619F /* PBXTargetDependency */,
			);
			name = InstagramLikeAppUITests;
			productName = InstagramLikeAppUITests;
			productReference = 5DD9A37826712D9F00B0619F /* InstagramLikeAppUITests.xctest */;
			productType = "com.apple.product-type.bundle.ui-testing";
		};
/* End PBXNativeTarget section */

/* Begin PBXProject section */
		5DD9A34F26712D9500B0619F /* Project object */ = {
			isa = PBXProject;
			attributes = {
				LastSwiftUpdateCheck = 1250;
				LastUpgradeCheck = 1250;
				TargetAttributes = {
					5DD9A35626712D9600B0619F = {
						CreatedOnToolsVersion = 12.5;
					};
					5DD9A36C26712D9F00B0619F = {
						CreatedOnToolsVersion = 12.5;
						TestTargetID = 5DD9A35626712D9600B0619F;
					};
					5DD9A37726712D9F00B0619F = {
						CreatedOnToolsVersion = 12.5;
						TestTargetID = 5DD9A35626712D9600B0619F;
					};
				};
			};
			buildConfigurationList = 5DD9A35226712D9500B0619F /* Build configuration list for PBXProject "InstagramLikeApp" */;
			compatibilityVersion = "Xcode 9.3";
			developmentRegion = en;
			hasScannedForEncodings = 0;
			knownRegions = (
				en,
				Base,
			);
			mainGroup = 5DD9A34E26712D9500B0619F;
			productRefGroup = 5DD9A35826712D9600B0619F /* Products */;
			projectDirPath = "";
			projectRoot = "";
			targets = (
				5DD9A35626712D9600B0619F /* InstagramLikeApp */,
				5DD9A36C26712D9F00B0619F /* InstagramLikeAppTests */,
				5DD9A37726712D9F00B0619F /* InstagramLikeAppUITests */,
			);
		};
/* End PBXProject section */

/* Begin PBXResourcesBuildPhase section */
		5DD9A35526712D9600B0619F /* Resources */ = {
			isa = PBXResourcesBuildPhase;
			buildActionMask = 2147483647;
			files = (
				5DD9A36726712D9E00B0619F /* LaunchScreen.storyboard in Resources */,
				5DD9A3AF2671F2BE00B0619F /* GoogleService-Info.plist in Resources */,
				5DD9A36426712D9E00B0619F /* Assets.xcassets in Resources */,
				5DD9A36226712D9600B0619F /* Main.storyboard in Resources */,
			);
			runOnlyForDeploymentPostprocessing = 0;
		};
		5DD9A36B26712D9F00B0619F /* Resources */ = {
			isa = PBXResourcesBuildPhase;
			buildActionMask = 2147483647;
			files = (
			);
			runOnlyForDeploymentPostprocessing = 0;
		};
		5DD9A37626712D9F00B0619F /* Resources */ = {
			isa = PBXResourcesBuildPhase;
			buildActionMask = 2147483647;
			files = (
			);
			runOnlyForDeploymentPostprocessing = 0;
		};
/* End PBXResourcesBuildPhase section */

/* Begin PBXShellScriptBuildPhase section */
		01D4A3B76E9DB73FF6BAB92C /* [CP] Embed Pods Frameworks */ = {
			isa = PBXShellScriptBuildPhase;
			buildActionMask = 2147483647;
			files = (
			);
			inputFileListPaths = (
				"${PODS_ROOT}/Target Support Files/Pods-InstagramLikeApp/Pods-InstagramLikeApp-frameworks-${CONFIGURATION}-input-files.xcfilelist",
			);
			name = "[CP] Embed Pods Frameworks";
			outputFileListPaths = (
				"${PODS_ROOT}/Target Support Files/Pods-InstagramLikeApp/Pods-InstagramLikeApp-frameworks-${CONFIGURATION}-output-files.xcfilelist",
			);
			runOnlyForDeploymentPostprocessing = 0;
			shellPath = /bin/sh;
			shellScript = "\"${PODS_ROOT}/Target Support Files/Pods-InstagramLikeApp/Pods-InstagramLikeApp-frameworks.sh\"\n";
			showEnvVarsInLog = 0;
		};
		385B1212DBFC01BD1115C8B0 /* [CP] Check Pods Manifest.lock */ = {
			isa = PBXShellScriptBuildPhase;
			buildActionMask = 2147483647;
			files = (
			);
			inputFileListPaths = (
			);
			inputPaths = (
				"${PODS_PODFILE_DIR_PATH}/Podfile.lock",
				"${PODS_ROOT}/Manifest.lock",
			);
			name = "[CP] Check Pods Manifest.lock";
			outputFileListPaths = (
			);
			outputPaths = (
				"$(DERIVED_FILE_DIR)/Pods-InstagramLikeAppTests-checkManifestLockResult.txt",
			);
			runOnlyForDeploymentPostprocessing = 0;
			shellPath = /bin/sh;
			shellScript = "diff \"${PODS_PODFILE_DIR_PATH}/Podfile.lock\" \"${PODS_ROOT}/Manifest.lock\" > /dev/null\nif [ $? != 0 ] ; then\n    # print error to STDERR\n    echo \"error: The sandbox is not in sync with the Podfile.lock. Run 'pod install' or update your CocoaPods installation.\" >&2\n    exit 1\nfi\n# This output is used by Xcode 'outputs' to avoid re-running this script phase.\necho \"SUCCESS\" > \"${SCRIPT_OUTPUT_FILE_0}\"\n";
			showEnvVarsInLog = 0;
		};
		49C4D55B579FF00C88DF86F0 /* [CP] Check Pods Manifest.lock */ = {
			isa = PBXShellScriptBuildPhase;
			buildActionMask = 2147483647;
			files = (
			);
			inputFileListPaths = (
			);
			inputPaths = (
				"${PODS_PODFILE_DIR_PATH}/Podfile.lock",
				"${PODS_ROOT}/Manifest.lock",
			);
			name = "[CP] Check Pods Manifest.lock";
			outputFileListPaths = (
			);
			outputPaths = (
				"$(DERIVED_FILE_DIR)/Pods-InstagramLikeApp-checkManifestLockResult.txt",
			);
			runOnlyForDeploymentPostprocessing = 0;
			shellPath = /bin/sh;
			shellScript = "diff \"${PODS_PODFILE_DIR_PATH}/Podfile.lock\" \"${PODS_ROOT}/Manifest.lock\" > /dev/null\nif [ $? != 0 ] ; then\n    # print error to STDERR\n    echo \"error: The sandbox is not in sync with the Podfile.lock. Run 'pod install' or update your CocoaPods installation.\" >&2\n    exit 1\nfi\n# This output is used by Xcode 'outputs' to avoid re-running this script phase.\necho \"SUCCESS\" > \"${SCRIPT_OUTPUT_FILE_0}\"\n";
			showEnvVarsInLog = 0;
		};
		E838DD7665541311D55AFB33 /* [CP] Check Pods Manifest.lock */ = {
			isa = PBXShellScriptBuildPhase;
			buildActionMask = 2147483647;
			files = (
			);
			inputFileListPaths = (
			);
			inputPaths = (
				"${PODS_PODFILE_DIR_PATH}/Podfile.lock",
				"${PODS_ROOT}/Manifest.lock",
			);
			name = "[CP] Check Pods Manifest.lock";
			outputFileListPaths = (
			);
			outputPaths = (
				"$(DERIVED_FILE_DIR)/Pods-InstagramLikeApp-InstagramLikeAppUITests-checkManifestLockResult.txt",
			);
			runOnlyForDeploymentPostprocessing = 0;
			shellPath = /bin/sh;
			shellScript = "diff \"${PODS_PODFILE_DIR_PATH}/Podfile.lock\" \"${PODS_ROOT}/Manifest.lock\" > /dev/null\nif [ $? != 0 ] ; then\n    # print error to STDERR\n    echo \"error: The sandbox is not in sync with the Podfile.lock. Run 'pod install' or update your CocoaPods installation.\" >&2\n    exit 1\nfi\n# This output is used by Xcode 'outputs' to avoid re-running this script phase.\necho \"SUCCESS\" > \"${SCRIPT_OUTPUT_FILE_0}\"\n";
			showEnvVarsInLog = 0;
		};
		F51FDDED6C037A094E132429 /* [CP] Embed Pods Frameworks */ = {
			isa = PBXShellScriptBuildPhase;
			buildActionMask = 2147483647;
			files = (
			);
			inputFileListPaths = (
				"${PODS_ROOT}/Target Support Files/Pods-InstagramLikeApp-InstagramLikeAppUITests/Pods-InstagramLikeApp-InstagramLikeAppUITests-frameworks-${CONFIGURATION}-input-files.xcfilelist",
			);
			name = "[CP] Embed Pods Frameworks";
			outputFileListPaths = (
				"${PODS_ROOT}/Target Support Files/Pods-InstagramLikeApp-InstagramLikeAppUITests/Pods-InstagramLikeApp-InstagramLikeAppUITests-frameworks-${CONFIGURATION}-output-files.xcfilelist",
			);
			runOnlyForDeploymentPostprocessing = 0;
			shellPath = /bin/sh;
			shellScript = "\"${PODS_ROOT}/Target Support Files/Pods-InstagramLikeApp-InstagramLikeAppUITests/Pods-InstagramLikeApp-InstagramLikeAppUITests-frameworks.sh\"\n";
			showEnvVarsInLog = 0;
		};
/* End PBXShellScriptBuildPhase section */

/* Begin PBXSourcesBuildPhase section */
		5DD9A35326712D9600B0619F /* Sources */ = {
			isa = PBXSourcesBuildPhase;
			buildActionMask = 2147483647;
			files = (
				5DD9A3A1267130E800B0619F /* EditProfileViewController.swift in Sources */,
				5DD9A39026712F8700B0619F /* ExploreViewController.swift in Sources */,
				5DD9A3AD267131A700B0619F /* PublishPostViewController.swift in Sources */,
				5DD9A39D2671309D00B0619F /* RegisterationViewController.swift in Sources */,
				5DD9A39226712FA400B0619F /* CameraViewController.swift in Sources */,
				5DD9A35F26712D9600B0619F /* HomeViewController.swift in Sources */,
				5DFDEEBB26A5B31E00DB91F7 /* IGFeedPostHeaderTableViewCell.swift in Sources */,
				5DD9A3AB2671317F00B0619F /* PostEditorViewController.swift in Sources */,
				5DD9A3B62671F6D900B0619F /* StorageManager.swift in Sources */,
				5DD9A3B22671F5C600B0619F /* DatabaseManager.swift in Sources */,
				5DD9A39F267130CA00B0619F /* PostViewController.swift in Sources */,
				5DD9A39426712FC600B0619F /* NotificationsViewController.swift in Sources */,
				5DFDEEB826A4698500DB91F7 /* IGFeedPostTableViewCell.swift in Sources */,
				5DD9A3A92671314400B0619F /* SearchResultViewController.swift in Sources */,
				5DD9A39B2671308B00B0619F /* LoginViewController.swift in Sources */,
				5DD9A3A72671312C00B0619F /* SearchViewController.swift in Sources */,
				5DFDEEBF26A5B42300DB91F7 /* IGFeedPostGeneralTableViewCell.swift in Sources */,
				5DD9A39626712FE100B0619F /* ProfileViewController.swift in Sources */,
				5DD9A3B42671F69800B0619F /* AuthManager.swift in Sources */,
				5DD9A35B26712D9600B0619F /* AppDelegate.swift in Sources */,
				5DD9A35D26712D9600B0619F /* SceneDelegate.swift in Sources */,
				5DD9A3A52671311000B0619F /* ListViewController.swift in Sources */,
				5DFDEEBD26A5B3FE00DB91F7 /* IGFeedPostActionsTableViewCell.swift in Sources */,
				5DD9A3A3267130FB00B0619F /* SettingViewController.swift in Sources */,
				5DD9A3B82671FC9B00B0619F /* Extentions.swift in Sources */,
			);
			runOnlyForDeploymentPostprocessing = 0;
		};
		5DD9A36926712D9F00B0619F /* Sources */ = {
			isa = PBXSourcesBuildPhase;
			buildActionMask = 2147483647;
			files = (
				5DD9A37226712D9F00B0619F /* InstagramLikeAppTests.swift in Sources */,
			);
			runOnlyForDeploymentPostprocessing = 0;
		};
		5DD9A37426712D9F00B0619F /* Sources */ = {
			isa = PBXSourcesBuildPhase;
			buildActionMask = 2147483647;
			files = (
				5DD9A37D26712D9F00B0619F /* InstagramLikeAppUITests.swift in Sources */,
			);
			runOnlyForDeploymentPostprocessing = 0;
		};
/* End PBXSourcesBuildPhase section */

/* Begin PBXTargetDependency section */
		5DD9A36F26712D9F00B0619F /* PBXTargetDependency */ = {
			isa = PBXTargetDependency;
			target = 5DD9A35626712D9600B0619F /* InstagramLikeApp */;
			targetProxy = 5DD9A36E26712D9F00B0619F /* PBXContainerItemProxy */;
		};
		5DD9A37A26712D9F00B0619F /* PBXTargetDependency */ = {
			isa = PBXTargetDependency;
			target = 5DD9A35626712D9600B0619F /* InstagramLikeApp */;
			targetProxy = 5DD9A37926712D9F00B0619F /* PBXContainerItemProxy */;
		};
/* End PBXTargetDependency section */

/* Begin PBXVariantGroup section */
		5DD9A36026712D9600B0619F /* Main.storyboard */ = {
			isa = PBXVariantGroup;
			children = (
				5DD9A36126712D9600B0619F /* Base */,
			);
			name = Main.storyboard;
			sourceTree = "<group>";
		};
		5DD9A36526712D9E00B0619F /* LaunchScreen.storyboard */ = {
			isa = PBXVariantGroup;
			children = (
				5DD9A36626712D9E00B0619F /* Base */,
			);
			name = LaunchScreen.storyboard;
			sourceTree = "<group>";
		};
/* End PBXVariantGroup section */

/* Begin XCBuildConfiguration section */
		5DD9A37F26712D9F00B0619F /* Debug */ = {
			isa = XCBuildConfiguration;
			buildSettings = {
				ALWAYS_SEARCH_USER_PATHS = NO;
				CLANG_ANALYZER_NONNULL = YES;
				CLANG_ANALYZER_NUMBER_OBJECT_CONVERSION = YES_AGGRESSIVE;
				CLANG_CXX_LANGUAGE_STANDARD = "gnu++14";
				CLANG_CXX_LIBRARY = "libc++";
				CLANG_ENABLE_MODULES = YES;
				CLANG_ENABLE_OBJC_ARC = YES;
				CLANG_ENABLE_OBJC_WEAK = YES;
				CLANG_WARN_BLOCK_CAPTURE_AUTORELEASING = YES;
				CLANG_WARN_BOOL_CONVERSION = YES;
				CLANG_WARN_COMMA = YES;
				CLANG_WARN_CONSTANT_CONVERSION = YES;
				CLANG_WARN_DEPRECATED_OBJC_IMPLEMENTATIONS = YES;
				CLANG_WARN_DIRECT_OBJC_ISA_USAGE = YES_ERROR;
				CLANG_WARN_DOCUMENTATION_COMMENTS = YES;
				CLANG_WARN_EMPTY_BODY = YES;
				CLANG_WARN_ENUM_CONVERSION = YES;
				CLANG_WARN_INFINITE_RECURSION = YES;
				CLANG_WARN_INT_CONVERSION = YES;
				CLANG_WARN_NON_LITERAL_NULL_CONVERSION = YES;
				CLANG_WARN_OBJC_IMPLICIT_RETAIN_SELF = YES;
				CLANG_WARN_OBJC_LITERAL_CONVERSION = YES;
				CLANG_WARN_OBJC_ROOT_CLASS = YES_ERROR;
				CLANG_WARN_QUOTED_INCLUDE_IN_FRAMEWORK_HEADER = YES;
				CLANG_WARN_RANGE_LOOP_ANALYSIS = YES;
				CLANG_WARN_STRICT_PROTOTYPES = YES;
				CLANG_WARN_SUSPICIOUS_MOVE = YES;
				CLANG_WARN_UNGUARDED_AVAILABILITY = YES_AGGRESSIVE;
				CLANG_WARN_UNREACHABLE_CODE = YES;
				CLANG_WARN__DUPLICATE_METHOD_MATCH = YES;
				COPY_PHASE_STRIP = NO;
				DEBUG_INFORMATION_FORMAT = dwarf;
				ENABLE_STRICT_OBJC_MSGSEND = YES;
				ENABLE_TESTABILITY = YES;
				GCC_C_LANGUAGE_STANDARD = gnu11;
				GCC_DYNAMIC_NO_PIC = NO;
				GCC_NO_COMMON_BLOCKS = YES;
				GCC_OPTIMIZATION_LEVEL = 0;
				GCC_PREPROCESSOR_DEFINITIONS = (
					"DEBUG=1",
					"$(inherited)",
				);
				GCC_WARN_64_TO_32_BIT_CONVERSION = YES;
				GCC_WARN_ABOUT_RETURN_TYPE = YES_ERROR;
				GCC_WARN_UNDECLARED_SELECTOR = YES;
				GCC_WARN_UNINITIALIZED_AUTOS = YES_AGGRESSIVE;
				GCC_WARN_UNUSED_FUNCTION = YES;
				GCC_WARN_UNUSED_VARIABLE = YES;
				IPHONEOS_DEPLOYMENT_TARGET = 14.5;
				MTL_ENABLE_DEBUG_INFO = INCLUDE_SOURCE;
				MTL_FAST_MATH = YES;
				ONLY_ACTIVE_ARCH = YES;
				SDKROOT = iphoneos;
				SWIFT_ACTIVE_COMPILATION_CONDITIONS = DEBUG;
				SWIFT_OPTIMIZATION_LEVEL = "-Onone";
			};
			name = Debug;
		};
		5DD9A38026712D9F00B0619F /* Release */ = {
			isa = XCBuildConfiguration;
			buildSettings = {
				ALWAYS_SEARCH_USER_PATHS = NO;
				CLANG_ANALYZER_NONNULL = YES;
				CLANG_ANALYZER_NUMBER_OBJECT_CONVERSION = YES_AGGRESSIVE;
				CLANG_CXX_LANGUAGE_STANDARD = "gnu++14";
				CLANG_CXX_LIBRARY = "libc++";
				CLANG_ENABLE_MODULES = YES;
				CLANG_ENABLE_OBJC_ARC = YES;
				CLANG_ENABLE_OBJC_WEAK = YES;
				CLANG_WARN_BLOCK_CAPTURE_AUTORELEASING = YES;
				CLANG_WARN_BOOL_CONVERSION = YES;
				CLANG_WARN_COMMA = YES;
				CLANG_WARN_CONSTANT_CONVERSION = YES;
				CLANG_WARN_DEPRECATED_OBJC_IMPLEMENTATIONS = YES;
				CLANG_WARN_DIRECT_OBJC_ISA_USAGE = YES_ERROR;
				CLANG_WARN_DOCUMENTATION_COMMENTS = YES;
				CLANG_WARN_EMPTY_BODY = YES;
				CLANG_WARN_ENUM_CONVERSION = YES;
				CLANG_WARN_INFINITE_RECURSION = YES;
				CLANG_WARN_INT_CONVERSION = YES;
				CLANG_WARN_NON_LITERAL_NULL_CONVERSION = YES;
				CLANG_WARN_OBJC_IMPLICIT_RETAIN_SELF = YES;
				CLANG_WARN_OBJC_LITERAL_CONVERSION = YES;
				CLANG_WARN_OBJC_ROOT_CLASS = YES_ERROR;
				CLANG_WARN_QUOTED_INCLUDE_IN_FRAMEWORK_HEADER = YES;
				CLANG_WARN_RANGE_LOOP_ANALYSIS = YES;
				CLANG_WARN_STRICT_PROTOTYPES = YES;
				CLANG_WARN_SUSPICIOUS_MOVE = YES;
				CLANG_WARN_UNGUARDED_AVAILABILITY = YES_AGGRESSIVE;
				CLANG_WARN_UNREACHABLE_CODE = YES;
				CLANG_WARN__DUPLICATE_METHOD_MATCH = YES;
				COPY_PHASE_STRIP = NO;
				DEBUG_INFORMATION_FORMAT = "dwarf-with-dsym";
				ENABLE_NS_ASSERTIONS = NO;
				ENABLE_STRICT_OBJC_MSGSEND = YES;
				GCC_C_LANGUAGE_STANDARD = gnu11;
				GCC_NO_COMMON_BLOCKS = YES;
				GCC_WARN_64_TO_32_BIT_CONVERSION = YES;
				GCC_WARN_ABOUT_RETURN_TYPE = YES_ERROR;
				GCC_WARN_UNDECLARED_SELECTOR = YES;
				GCC_WARN_UNINITIALIZED_AUTOS = YES_AGGRESSIVE;
				GCC_WARN_UNUSED_FUNCTION = YES;
				GCC_WARN_UNUSED_VARIABLE = YES;
				IPHONEOS_DEPLOYMENT_TARGET = 14.5;
				MTL_ENABLE_DEBUG_INFO = NO;
				MTL_FAST_MATH = YES;
				SDKROOT = iphoneos;
				SWIFT_COMPILATION_MODE = wholemodule;
				SWIFT_OPTIMIZATION_LEVEL = "-O";
				VALIDATE_PRODUCT = YES;
			};
			name = Release;
		};
		5DD9A38226712D9F00B0619F /* Debug */ = {
			isa = XCBuildConfiguration;
			baseConfigurationReference = 204D556F00EF48908CA13339 /* Pods-InstagramLikeApp.debug.xcconfig */;
			buildSettings = {
				ASSETCATALOG_COMPILER_APPICON_NAME = AppIcon;
				ASSETCATALOG_COMPILER_GLOBAL_ACCENT_COLOR_NAME = AccentColor;
				CODE_SIGN_STYLE = Automatic;
				DEVELOPMENT_TEAM = 9R57QJP8SY;
				INFOPLIST_FILE = InstagramLikeApp/Info.plist;
				IPHONEOS_DEPLOYMENT_TARGET = 13.0;
				LD_RUNPATH_SEARCH_PATHS = (
					"$(inherited)",
					"@executable_path/Frameworks",
				);
				PRODUCT_BUNDLE_IDENTIFIER = com.hidec.InstagramLikeApp;
				PRODUCT_NAME = "$(TARGET_NAME)";
				SWIFT_VERSION = 5.0;
				TARGETED_DEVICE_FAMILY = "1,2";
			};
			name = Debug;
		};
		5DD9A38326712D9F00B0619F /* Release */ = {
			isa = XCBuildConfiguration;
			baseConfigurationReference = 45FFF470A4E6A01B5EE8AD82 /* Pods-InstagramLikeApp.release.xcconfig */;
			buildSettings = {
				ASSETCATALOG_COMPILER_APPICON_NAME = AppIcon;
				ASSETCATALOG_COMPILER_GLOBAL_ACCENT_COLOR_NAME = AccentColor;
				CODE_SIGN_STYLE = Automatic;
				DEVELOPMENT_TEAM = 9R57QJP8SY;
				INFOPLIST_FILE = InstagramLikeApp/Info.plist;
				IPHONEOS_DEPLOYMENT_TARGET = 13.0;
				LD_RUNPATH_SEARCH_PATHS = (
					"$(inherited)",
					"@executable_path/Frameworks",
				);
				PRODUCT_BUNDLE_IDENTIFIER = com.hidec.InstagramLikeApp;
				PRODUCT_NAME = "$(TARGET_NAME)";
				SWIFT_VERSION = 5.0;
				TARGETED_DEVICE_FAMILY = "1,2";
			};
			name = Release;
		};
		5DD9A38526712D9F00B0619F /* Debug */ = {
			isa = XCBuildConfiguration;
			baseConfigurationReference = 2B5DD8198D069464664C18FA /* Pods-InstagramLikeAppTests.debug.xcconfig */;
			buildSettings = {
				ALWAYS_EMBED_SWIFT_STANDARD_LIBRARIES = YES;
				BUNDLE_LOADER = "$(TEST_HOST)";
				CODE_SIGN_STYLE = Automatic;
				DEVELOPMENT_TEAM = 9R57QJP8SY;
				INFOPLIST_FILE = InstagramLikeAppTests/Info.plist;
				IPHONEOS_DEPLOYMENT_TARGET = 14.5;
				LD_RUNPATH_SEARCH_PATHS = (
					"$(inherited)",
					"@executable_path/Frameworks",
					"@loader_path/Frameworks",
				);
				PRODUCT_BUNDLE_IDENTIFIER = com.hidec.InstagramLikeAppTests;
				PRODUCT_NAME = "$(TARGET_NAME)";
				SWIFT_VERSION = 5.0;
				TARGETED_DEVICE_FAMILY = "1,2";
				TEST_HOST = "$(BUILT_PRODUCTS_DIR)/InstagramLikeApp.app/InstagramLikeApp";
			};
			name = Debug;
		};
		5DD9A38626712D9F00B0619F /* Release */ = {
			isa = XCBuildConfiguration;
			baseConfigurationReference = 23B421E6C33F25893A80421C /* Pods-InstagramLikeAppTests.release.xcconfig */;
			buildSettings = {
				ALWAYS_EMBED_SWIFT_STANDARD_LIBRARIES = YES;
				BUNDLE_LOADER = "$(TEST_HOST)";
				CODE_SIGN_STYLE = Automatic;
				DEVELOPMENT_TEAM = 9R57QJP8SY;
				INFOPLIST_FILE = InstagramLikeAppTests/Info.plist;
				IPHONEOS_DEPLOYMENT_TARGET = 14.5;
				LD_RUNPATH_SEARCH_PATHS = (
					"$(inherited)",
					"@executable_path/Frameworks",
					"@loader_path/Frameworks",
				);
				PRODUCT_BUNDLE_IDENTIFIER = com.hidec.InstagramLikeAppTests;
				PRODUCT_NAME = "$(TARGET_NAME)";
				SWIFT_VERSION = 5.0;
				TARGETED_DEVICE_FAMILY = "1,2";
				TEST_HOST = "$(BUILT_PRODUCTS_DIR)/InstagramLikeApp.app/InstagramLikeApp";
			};
			name = Release;
		};
		5DD9A38826712D9F00B0619F /* Debug */ = {
			isa = XCBuildConfiguration;
			baseConfigurationReference = C0A0ACE9DA33FB4E7DE89276 /* Pods-InstagramLikeApp-InstagramLikeAppUITests.debug.xcconfig */;
			buildSettings = {
				ALWAYS_EMBED_SWIFT_STANDARD_LIBRARIES = YES;
				CODE_SIGN_STYLE = Automatic;
				DEVELOPMENT_TEAM = 9R57QJP8SY;
				INFOPLIST_FILE = InstagramLikeAppUITests/Info.plist;
				LD_RUNPATH_SEARCH_PATHS = (
					"$(inherited)",
					"@executable_path/Frameworks",
					"@loader_path/Frameworks",
				);
				PRODUCT_BUNDLE_IDENTIFIER = com.hidec.InstagramLikeAppUITests;
				PRODUCT_NAME = "$(TARGET_NAME)";
				SWIFT_VERSION = 5.0;
				TARGETED_DEVICE_FAMILY = "1,2";
				TEST_TARGET_NAME = InstagramLikeApp;
			};
			name = Debug;
		};
		5DD9A38926712D9F00B0619F /* Release */ = {
			isa = XCBuildConfiguration;
			baseConfigurationReference = 97281F03AA12FC67476A2C6F /* Pods-InstagramLikeApp-InstagramLikeAppUITests.release.xcconfig */;
			buildSettings = {
				ALWAYS_EMBED_SWIFT_STANDARD_LIBRARIES = YES;
				CODE_SIGN_STYLE = Automatic;
				DEVELOPMENT_TEAM = 9R57QJP8SY;
				INFOPLIST_FILE = InstagramLikeAppUITests/Info.plist;
				LD_RUNPATH_SEARCH_PATHS = (
					"$(inherited)",
					"@executable_path/Frameworks",
					"@loader_path/Frameworks",
				);
				PRODUCT_BUNDLE_IDENTIFIER = com.hidec.InstagramLikeAppUITests;
				PRODUCT_NAME = "$(TARGET_NAME)";
				SWIFT_VERSION = 5.0;
				TARGETED_DEVICE_FAMILY = "1,2";
				TEST_TARGET_NAME = InstagramLikeApp;
			};
			name = Release;
		};
/* End XCBuildConfiguration section */

/* Begin XCConfigurationList section */
		5DD9A35226712D9500B0619F /* Build configuration list for PBXProject "InstagramLikeApp" */ = {
			isa = XCConfigurationList;
			buildConfigurations = (
				5DD9A37F26712D9F00B0619F /* Debug */,
				5DD9A38026712D9F00B0619F /* Release */,
			);
			defaultConfigurationIsVisible = 0;
			defaultConfigurationName = Release;
		};
		5DD9A38126712D9F00B0619F /* Build configuration list for PBXNativeTarget "InstagramLikeApp" */ = {
			isa = XCConfigurationList;
			buildConfigurations = (
				5DD9A38226712D9F00B0619F /* Debug */,
				5DD9A38326712D9F00B0619F /* Release */,
			);
			defaultConfigurationIsVisible = 0;
			defaultConfigurationName = Release;
		};
		5DD9A38426712D9F00B0619F /* Build configuration list for PBXNativeTarget "InstagramLikeAppTests" */ = {
			isa = XCConfigurationList;
			buildConfigurations = (
				5DD9A38526712D9F00B0619F /* Debug */,
				5DD9A38626712D9F00B0619F /* Release */,
			);
			defaultConfigurationIsVisible = 0;
			defaultConfigurationName = Release;
		};
		5DD9A38726712D9F00B0619F /* Build configuration list for PBXNativeTarget "InstagramLikeAppUITests" */ = {
			isa = XCConfigurationList;
			buildConfigurations = (
				5DD9A38826712D9F00B0619F /* Debug */,
				5DD9A38926712D9F00B0619F /* Release */,
			);
			defaultConfigurationIsVisible = 0;
			defaultConfigurationName = Release;
		};
/* End XCConfigurationList section */
	};
	rootObject = 5DD9A34F26712D9500B0619F /* Project object */;
}
